
Microsoft Visual Studio Solution File, Format Version 12.00
# Visual Studio Version 17
VisualStudioVersion = 17.5.002.0
MinimumVisualStudioVersion = 10.0.40219.1
Project("{9A19103F-16F7-4668-BE54-9A1E7A4F7556}") = "Scraper", "Scraper.csproj", "{FDC5953F-25BB-43A0-8526-6AFF4129FB65}"
EndProject
Global
	GlobalSection(SolutionConfigurationPlatforms) = preSolution
		Debug|Any CPU = Debug|Any CPU
		Release|Any CPU = Release|Any CPU
	EndGlobalSection
	GlobalSection(ProjectConfigurationPlatforms) = postSolution
		{FDC5953F-25BB-43A0-8526-6AFF4129FB65}.Debug|Any CPU.ActiveCfg = Debug|Any CPU
		{FDC5953F-25BB-43A0-8526-6AFF4129FB65}.Debug|Any CPU.Build.0 = Debug|Any CPU
		{FDC5953F-25BB-43A0-8526-6AFF4129FB65}.Release|Any CPU.ActiveCfg = Release|Any CPU
		{FDC5953F-25BB-43A0-8526-6AFF4129FB65}.Release|Any CPU.Build.0 = Release|Any CPU
	EndGlobalSection
	GlobalSection(SolutionProperties) = preSolution
		HideSolutionNode = FALSE
	EndGlobalSection
	GlobalSection(ExtensibilityGlobals) = postSolution
		SolutionGuid = {33EE3566-39E0-4DDF-8F6E-9B116E2AFDD6}
	EndGlobalSection
EndGlobal
